
Microsoft Visual Studio Solution File, Format Version 12.00
# Visual Studio 15
VisualStudioVersion = 15.0.28307.1267
MinimumVisualStudioVersion = 10.0.40219.1
Project("{FAE04EC0-301F-11D3-BF4B-00C04F79EFBC}") = "hhh", "hhh\hhh.csproj", "{9A71549F-5EDD-4420-A1D2-095DD0511732}"
EndProject
Global
	GlobalSection(SolutionConfigurationPlatforms) = preSolution
		Debug|Any CPU = Debug|Any CPU
		Release|Any CPU = Release|Any CPU
	EndGlobalSection
	GlobalSection(ProjectConfigurationPlatforms) = postSolution
		{9A71549F-5EDD-4420-A1D2-095DD0511732}.Debug|Any CPU.ActiveCfg = Debug|Any CPU
		{9A71549F-5EDD-4420-A1D2-095DD0511732}.Debug|Any CPU.Build.0 = Debug|Any CPU
		{9A71549F-5EDD-4420-A1D2-095DD0511732}.Release|Any CPU.ActiveCfg = Release|Any CPU
		{9A71549F-5EDD-4420-A1D2-095DD0511732}.Release|Any CPU.Build.0 = Release|Any CPU
	EndGlobalSection
	GlobalSection(SolutionProperties) = preSolution
		HideSolutionNode = FALSE
	EndGlobalSection
	GlobalSection(ExtensibilityGlobals) = postSolution
		SolutionGuid = {A8485DBD-312B-4F11-86EE-39CA842788FE}
	EndGlobalSection
EndGlobal
